
Microsoft Visual Studio Solution File, Format Version 12.00
# Visual Studio Version 17
VisualStudioVersion = 17.4.33213.308
MinimumVisualStudioVersion = 10.0.40219.1
Project("{FAE04EC0-301F-11D3-BF4B-00C04F79EFBC}") = "BEChallenge", "BEChallenge\BEChallenge.csproj", "{C28AF87D-636D-4C6E-99FA-6A06BB411D86}"
EndProject
Project("{FAE04EC0-301F-11D3-BF4B-00C04F79EFBC}") = "DB", "DB\DB.csproj", "{128C8D75-A84C-4EDB-BD27-DAA48C6307C4}"
EndProject
Global
	GlobalSection(SolutionConfigurationPlatforms) = preSolution
		Debug|Any CPU = Debug|Any CPU
		Release|Any CPU = Release|Any CPU
	EndGlobalSection
	GlobalSection(ProjectConfigurationPlatforms) = postSolution
		{C28AF87D-636D-4C6E-99FA-6A06BB411D86}.Debug|Any CPU.ActiveCfg = Debug|Any CPU
		{C28AF87D-636D-4C6E-99FA-6A06BB411D86}.Debug|Any CPU.Build.0 = Debug|Any CPU
		{C28AF87D-636D-4C6E-99FA-6A06BB411D86}.Release|Any CPU.ActiveCfg = Release|Any CPU
		{C28AF87D-636D-4C6E-99FA-6A06BB411D86}.Release|Any CPU.Build.0 = Release|Any CPU
		{128C8D75-A84C-4EDB-BD27-DAA48C6307C4}.Debug|Any CPU.ActiveCfg = Debug|Any CPU
		{128C8D75-A84C-4EDB-BD27-DAA48C6307C4}.Debug|Any CPU.Build.0 = Debug|Any CPU
		{128C8D75-A84C-4EDB-BD27-DAA48C6307C4}.Release|Any CPU.ActiveCfg = Release|Any CPU
		{128C8D75-A84C-4EDB-BD27-DAA48C6307C4}.Release|Any CPU.Build.0 = Release|Any CPU
	EndGlobalSection
	GlobalSection(SolutionProperties) = preSolution
		HideSolutionNode = FALSE
	EndGlobalSection
	GlobalSection(ExtensibilityGlobals) = postSolution
		SolutionGuid = {629D64A1-AC24-4E73-95B7-99A3C9AE58C4}
	EndGlobalSection
EndGlobal
